
Microsoft Visual Studio Solution File, Format Version 12.00
# Visual Studio Version 17
VisualStudioVersion = 17.7.34009.444
MinimumVisualStudioVersion = 10.0.40219.1
Project("{FAE04EC0-301F-11D3-BF4B-00C04F79EFBC}") = "TCPServer", "TCPServer\TCPServer.csproj", "{F63FB08E-EB63-4152-91FC-566189E26EF2}"
EndProject
Project("{FAE04EC0-301F-11D3-BF4B-00C04F79EFBC}") = "TCPClient", "TCPClient\TCPClient.csproj", "{14997B2F-6BB3-4A56-9F66-43F6FEA34408}"
EndProject
Global
	GlobalSection(SolutionConfigurationPlatforms) = preSolution
		Debug|Any CPU = Debug|Any CPU
		Release|Any CPU = Release|Any CPU
	EndGlobalSection
	GlobalSection(ProjectConfigurationPlatforms) = postSolution
		{F63FB08E-EB63-4152-91FC-566189E26EF2}.Debug|Any CPU.ActiveCfg = Debug|Any CPU
		{F63FB08E-EB63-4152-91FC-566189E26EF2}.Debug|Any CPU.Build.0 = Debug|Any CPU
		{F63FB08E-EB63-4152-91FC-566189E26EF2}.Release|Any CPU.ActiveCfg = Release|Any CPU
		{F63FB08E-EB63-4152-91FC-566189E26EF2}.Release|Any CPU.Build.0 = Release|Any CPU
		{14997B2F-6BB3-4A56-9F66-43F6FEA34408}.Debug|Any CPU.ActiveCfg = Debug|Any CPU
		{14997B2F-6BB3-4A56-9F66-43F6FEA34408}.Debug|Any CPU.Build.0 = Debug|Any CPU
		{14997B2F-6BB3-4A56-9F66-43F6FEA34408}.Release|Any CPU.ActiveCfg = Release|Any CPU
		{14997B2F-6BB3-4A56-9F66-43F6FEA34408}.Release|Any CPU.Build.0 = Release|Any CPU
	EndGlobalSection
	GlobalSection(SolutionProperties) = preSolution
		HideSolutionNode = FALSE
	EndGlobalSection
	GlobalSection(ExtensibilityGlobals) = postSolution
		SolutionGuid = {4AC9BDDF-B9A7-48EA-A992-B7609A2C52E3}
	EndGlobalSection
EndGlobal
